
Microsoft Visual Studio Solution File, Format Version 12.00
# Visual Studio Version 17
VisualStudioVersion = 17.6.33829.357
MinimumVisualStudioVersion = 10.0.40219.1
Project("{FAE04EC0-301F-11D3-BF4B-00C04F79EFBC}") = "Cour2ExApi", "Cour2ExApi.csproj", "{19AB9774-3B7F-427B-B60B-C7DDC40406ED}"
EndProject
Global
	GlobalSection(SolutionConfigurationPlatforms) = preSolution
		Debug|Any CPU = Debug|Any CPU
		Release|Any CPU = Release|Any CPU
	EndGlobalSection
	GlobalSection(ProjectConfigurationPlatforms) = postSolution
		{19AB9774-3B7F-427B-B60B-C7DDC40406ED}.Debug|Any CPU.ActiveCfg = Debug|Any CPU
		{19AB9774-3B7F-427B-B60B-C7DDC40406ED}.Debug|Any CPU.Build.0 = Debug|Any CPU
		{19AB9774-3B7F-427B-B60B-C7DDC40406ED}.Release|Any CPU.ActiveCfg = Release|Any CPU
		{19AB9774-3B7F-427B-B60B-C7DDC40406ED}.Release|Any CPU.Build.0 = Release|Any CPU
	EndGlobalSection
	GlobalSection(SolutionProperties) = preSolution
		HideSolutionNode = FALSE
	EndGlobalSection
	GlobalSection(ExtensibilityGlobals) = postSolution
		SolutionGuid = {06691A6A-1D28-45D9-8637-BC9C03F9B2D6}
	EndGlobalSection
EndGlobal
